
Microsoft Visual Studio Solution File, Format Version 12.00
# Visual Studio Version 17
VisualStudioVersion = 17.8.34525.116
MinimumVisualStudioVersion = 10.0.40219.1
Project("{9A19103F-16F7-4668-BE54-9A1E7A4F7556}") = "MM4Common", "MM4Common\MM4Common.csproj", "{B965BDEC-504D-479F-A181-8689DAA13649}"
EndProject
Project("{9A19103F-16F7-4668-BE54-9A1E7A4F7556}") = "MountainMeadow4", "MountainMeadow4\MountainMeadow4.csproj", "{117FB80F-9609-450D-87D3-0981B9F2B010}"
EndProject
Project("{2150E333-8FDC-42A3-9474-1A3956D46DE8}") = "Solution Items", "Solution Items", "{21B7773C-7DC9-476B-9712-A45E2465350C}"
	ProjectSection(SolutionItems) = preProject
		Notes.txt = Notes.txt
		Todo.txt = Todo.txt
	EndProjectSection
EndProject
Project("{9A19103F-16F7-4668-BE54-9A1E7A4F7556}") = "PCExample", "PCBase\PCExample.csproj", "{33CF8A3D-DC3D-4852-9919-A3C2D42106ED}"
EndProject
Project("{9A19103F-16F7-4668-BE54-9A1E7A4F7556}") = "MM4DataSql", "MM4DataSql\MM4DataSql.csproj", "{681C5B24-518B-43E8-A00B-B19712C3F7EA}"
EndProject
Project("{9A19103F-16F7-4668-BE54-9A1E7A4F7556}") = "Wve", "Wve\Wve.csproj", "{9484BD3D-6759-4FD9-AE62-0F128197AACE}"
EndProject
Global
	GlobalSection(SolutionConfigurationPlatforms) = preSolution
		Debug|Any CPU = Debug|Any CPU
		Release|Any CPU = Release|Any CPU
	EndGlobalSection
	GlobalSection(ProjectConfigurationPlatforms) = postSolution
		{B965BDEC-504D-479F-A181-8689DAA13649}.Debug|Any CPU.ActiveCfg = Debug|Any CPU
		{B965BDEC-504D-479F-A181-8689DAA13649}.Debug|Any CPU.Build.0 = Debug|Any CPU
		{B965BDEC-504D-479F-A181-8689DAA13649}.Release|Any CPU.ActiveCfg = Release|Any CPU
		{B965BDEC-504D-479F-A181-8689DAA13649}.Release|Any CPU.Build.0 = Release|Any CPU
		{117FB80F-9609-450D-87D3-0981B9F2B010}.Debug|Any CPU.ActiveCfg = Debug|Any CPU
		{117FB80F-9609-450D-87D3-0981B9F2B010}.Debug|Any CPU.Build.0 = Debug|Any CPU
		{117FB80F-9609-450D-87D3-0981B9F2B010}.Release|Any CPU.ActiveCfg = Release|Any CPU
		{117FB80F-9609-450D-87D3-0981B9F2B010}.Release|Any CPU.Build.0 = Release|Any CPU
		{33CF8A3D-DC3D-4852-9919-A3C2D42106ED}.Debug|Any CPU.ActiveCfg = Debug|Any CPU
		{33CF8A3D-DC3D-4852-9919-A3C2D42106ED}.Debug|Any CPU.Build.0 = Debug|Any CPU
		{33CF8A3D-DC3D-4852-9919-A3C2D42106ED}.Release|Any CPU.ActiveCfg = Release|Any CPU
		{33CF8A3D-DC3D-4852-9919-A3C2D42106ED}.Release|Any CPU.Build.0 = Release|Any CPU
		{681C5B24-518B-43E8-A00B-B19712C3F7EA}.Debug|Any CPU.ActiveCfg = Debug|Any CPU
		{681C5B24-518B-43E8-A00B-B19712C3F7EA}.Debug|Any CPU.Build.0 = Debug|Any CPU
		{681C5B24-518B-43E8-A00B-B19712C3F7EA}.Release|Any CPU.ActiveCfg = Release|Any CPU
		{681C5B24-518B-43E8-A00B-B19712C3F7EA}.Release|Any CPU.Build.0 = Release|Any CPU
		{9484BD3D-6759-4FD9-AE62-0F128197AACE}.Debug|Any CPU.ActiveCfg = Debug|Any CPU
		{9484BD3D-6759-4FD9-AE62-0F128197AACE}.Debug|Any CPU.Build.0 = Debug|Any CPU
		{9484BD3D-6759-4FD9-AE62-0F128197AACE}.Release|Any CPU.ActiveCfg = Release|Any CPU
		{9484BD3D-6759-4FD9-AE62-0F128197AACE}.Release|Any CPU.Build.0 = Release|Any CPU
	EndGlobalSection
	GlobalSection(SolutionProperties) = preSolution
		HideSolutionNode = FALSE
	EndGlobalSection
	GlobalSection(NestedProjects) = preSolution
		{33CF8A3D-DC3D-4852-9919-A3C2D42106ED} = {21B7773C-7DC9-476B-9712-A45E2465350C}
	EndGlobalSection
	GlobalSection(ExtensibilityGlobals) = postSolution
		SolutionGuid = {8B2CC00E-1F31-4D73-A4DF-00CDECBE09CD}
	EndGlobalSection
EndGlobal
